
Microsoft Visual Studio Solution File, Format Version 12.00
# Visual Studio Version 16
VisualStudioVersion = 16.0.29728.190
MinimumVisualStudioVersion = 10.0.40219.1
Project("{8BC9CEB8-8B4A-11D0-8D11-00A0C91BC942}") = "LinkedList", "LinkedList\LinkedList.vcxproj", "{C253621E-E162-4C18-A022-5B22B8ED06D1}"
EndProject
Global
	GlobalSection(SolutionConfigurationPlatforms) = preSolution
		Debug|x64 = Debug|x64
		Debug|x86 = Debug|x86
		Release|x64 = Release|x64
		Release|x86 = Release|x86
	EndGlobalSection
	GlobalSection(ProjectConfigurationPlatforms) = postSolution
		{C253621E-E162-4C18-A022-5B22B8ED06D1}.Debug|x64.ActiveCfg = Debug|x64
		{C253621E-E162-4C18-A022-5B22B8ED06D1}.Debug|x64.Build.0 = Debug|x64
		{C253621E-E162-4C18-A022-5B22B8ED06D1}.Debug|x86.ActiveCfg = Debug|Win32
		{C253621E-E162-4C18-A022-5B22B8ED06D1}.Debug|x86.Build.0 = Debug|Win32
		{C253621E-E162-4C18-A022-5B22B8ED06D1}.Release|x64.ActiveCfg = Release|x64
		{C253621E-E162-4C18-A022-5B22B8ED06D1}.Release|x64.Build.0 = Release|x64
		{C253621E-E162-4C18-A022-5B22B8ED06D1}.Release|x86.ActiveCfg = Release|Win32
		{C253621E-E162-4C18-A022-5B22B8ED06D1}.Release|x86.Build.0 = Release|Win32
	EndGlobalSection
	GlobalSection(SolutionProperties) = preSolution
		HideSolutionNode = FALSE
	EndGlobalSection
	GlobalSection(ExtensibilityGlobals) = postSolution
		SolutionGuid = {764BFDEE-61E5-497C-9BFC-8EEC7FF12AE2}
	EndGlobalSection
EndGlobal
